
Microsoft Visual Studio Solution File, Format Version 12.00
# Visual Studio Version 17
VisualStudioVersion = 17.6.33417.168
MinimumVisualStudioVersion = 10.0.40219.1
Project("{FAE04EC0-301F-11D3-BF4B-00C04F79EFBC}") = "DoAn_Nhom3", "DoAn_Nhom3\DoAn_Nhom3.csproj", "{3578C2B7-474C-48CC-9947-B1BFBBAB0F00}"
EndProject
Global
	GlobalSection(SolutionConfigurationPlatforms) = preSolution
		Debug|Any CPU = Debug|Any CPU
		Release|Any CPU = Release|Any CPU
	EndGlobalSection
	GlobalSection(ProjectConfigurationPlatforms) = postSolution
		{3578C2B7-474C-48CC-9947-B1BFBBAB0F00}.Debug|Any CPU.ActiveCfg = Debug|Any CPU
		{3578C2B7-474C-48CC-9947-B1BFBBAB0F00}.Debug|Any CPU.Build.0 = Debug|Any CPU
		{3578C2B7-474C-48CC-9947-B1BFBBAB0F00}.Release|Any CPU.ActiveCfg = Release|Any CPU
		{3578C2B7-474C-48CC-9947-B1BFBBAB0F00}.Release|Any CPU.Build.0 = Release|Any CPU
	EndGlobalSection
	GlobalSection(SolutionProperties) = preSolution
		HideSolutionNode = FALSE
	EndGlobalSection
	GlobalSection(ExtensibilityGlobals) = postSolution
		SolutionGuid = {ED0120DF-F629-4521-81A1-7DE09EC90D8A}
	EndGlobalSection
EndGlobal
